// !$*UTF8*$!
{
	archiveVersion = 1;
	classes = {
	};
	objectVersion = 46;
	objects = {

/* Begin PBXBuildFile section */
		BE1510EF1F58057700EB5354 /* AppDelegate.swift in Sources */ = {isa = PBXBuildFile; fileRef = BE1510EE1F58057700EB5354 /* AppDelegate.swift */; };
		BE1510F11F58057700EB5354 /* ViewController.swift in Sources */ = {isa = PBXBuildFile; fileRef = BE1510F01F58057700EB5354 /* ViewController.swift */; };
		BE1510F41F58057700EB5354 /* Main.storyboard in Resources */ = {isa = PBXBuildFile; fileRef = BE1510F21F58057700EB5354 /* Main.storyboard */; };
		BE1510F61F58057700EB5354 /* Assets.xcassets in Resources */ = {isa = PBXBuildFile; fileRef = BE1510F51F58057700EB5354 /* Assets.xcassets */; };
		BE1510F91F58057700EB5354 /* LaunchScreen.storyboard in Resources */ = {isa = PBXBuildFile; fileRef = BE1510F71F58057700EB5354 /* LaunchScreen.storyboard */; };
		BE1511041F58057700EB5354 /* StateMachineTests.swift in Sources */ = {isa = PBXBuildFile; fileRef = BE1511031F58057700EB5354 /* StateMachineTests.swift */; };
		BE15110F1F58057700EB5354 /* StateMachineUITests.swift in Sources */ = {isa = PBXBuildFile; fileRef = BE15110E1F58057700EB5354 /* StateMachineUITests.swift */; };
		BE15111D1F58059C00EB5354 /* StateMachine.swift in Sources */ = {isa = PBXBuildFile; fileRef = BE15111C1F58059C00EB5354 /* StateMachine.swift */; };
/* End PBXBuildFile section */

/* Begin PBXContainerItemProxy section */
		BE1511001F58057700EB5354 /* PBXContainerItemProxy */ = {
			isa = PBXContainerItemProxy;
			containerPortal = BE1510E31F58057700EB5354 /* Project object */;
			proxyType = 1;
			remoteGlobalIDString = BE1510EA1F58057700EB5354;
			remoteInfo = StateMachine;
		};
		BE15110B1F58057700EB5354 /* PBXContainerItemProxy */ = {
			isa = PBXContainerItemProxy;
			containerPortal = BE1510E31F58057700EB5354 /* Project object */;
			proxyType = 1;
			remoteGlobalIDString = BE1510EA1F58057700EB5354;
			remoteInfo = StateMachine;
		};
/* End PBXContainerItemProxy section */

/* Begin PBXFileReference section */
		BE1510EB1F58057700EB5354 /* StateMachine.app */ = {isa = PBXFileReference; explicitFileType = wrapper.application; includeInIndex = 0; path = StateMachine.app; sourceTree = BUILT_PRODUCTS_DIR; };
		BE1510EE1F58057700EB5354 /* AppDelegate.swift */ = {isa = PBXFileReference; lastKnownFileType = sourcecode.swift; path = AppDelegate.swift; sourceTree = "<group>"; };
		BE1510F01F58057700EB5354 /* ViewController.swift */ = {isa = PBXFileReference; lastKnownFileType = sourcecode.swift; path = ViewController.swift; sourceTree = "<group>"; };
		BE1510F31F58057700EB5354 /* Base */ = {isa = PBXFileReference; lastKnownFileType = file.storyboard; name = Base; path = Base.lproj/Main.storyboard; sourceTree = "<group>"; };
		BE1510F51F58057700EB5354 /* Assets.xcassets */ = {isa = PBXFileReference; lastKnownFileType = folder.assetcatalog; path = Assets.xcassets; sourceTree = "<group>"; };
		BE1510F81F58057700EB5354 /* Base */ = {isa = PBXFileReference; lastKnownFileType = file.storyboard; name = Base; path = Base.lproj/LaunchScreen.storyboard; sourceTree = "<group>"; };
		BE1510FA1F58057700EB5354 /* Info.plist */ = {isa = PBXFileReference; lastKnownFileType = text.plist.xml; path = Info.plist; sourceTree = "<group>"; };
		BE1510FF1F58057700EB5354 /* StateMachineTests.xctest */ = {isa = PBXFileReference; explicitFileType = wrapper.cfbundle; includeInIndex = 0; path = StateMachineTests.xctest; sourceTree = BUILT_PRODUCTS_DIR; };
		BE1511031F58057700EB5354 /* StateMachineTests.swift */ = {isa = PBXFileReference; lastKnownFileType = sourcecode.swift; path = StateMachineTests.swift; sourceTree = "<group>"; };
		BE1511051F58057700EB5354 /* Info.plist */ = {isa = PBXFileReference; lastKnownFileType = text.plist.xml; path = Info.plist; sourceTree = "<group>"; };
		BE15110A1F58057700EB5354 /* StateMachineUITests.xctest */ = {isa = PBXFileReference; explicitFileType = wrapper.cfbundle; includeInIndex = 0; path = StateMachineUITests.xctest; sourceTree = BUILT_PRODUCTS_DIR; };
		BE15110E1F58057700EB5354 /* StateMachineUITests.swift */ = {isa = PBXFileReference; lastKnownFileType = sourcecode.swift; path = StateMachineUITests.swift; sourceTree = "<group>"; };
		BE1511101F58057700EB5354 /* Info.plist */ = {isa = PBXFileReference; lastKnownFileType = text.plist.xml; path = Info.plist; sourceTree = "<group>"; };
		BE15111C1F58059C00EB5354 /* StateMachine.swift */ = {isa = PBXFileReference; fileEncoding = 4; lastKnownFileType = sourcecode.swift; path = StateMachine.swift; sourceTree = "<group>"; };
/* End PBXFileReference section */

/* Begin PBXFrameworksBuildPhase section */
		BE1510E81F58057700EB5354 /* Frameworks */ = {
			isa = PBXFrameworksBuildPhase;
			buildActionMask = 2147483647;
			files = (
			);
			runOnlyForDeploymentPostprocessing = 0;
		};
		BE1510FC1F58057700EB5354 /* Frameworks */ = {
			isa = PBXFrameworksBuildPhase;
			buildActionMask = 2147483647;
			files = (
			);
			runOnlyForDeploymentPostprocessing = 0;
		};
		BE1511071F58057700EB5354 /* Frameworks */ = {
			isa = PBXFrameworksBuildPhase;
			buildActionMask = 2147483647;
			files = (
			);
			runOnlyForDeploymentPostprocessing = 0;
		};
/* End PBXFrameworksBuildPhase section */

/* Begin PBXGroup section */
		BE1510E21F58057700EB5354 = {
			isa = PBXGroup;
			children = (
				BE1510ED1F58057700EB5354 /* StateMachine */,
				BE1511021F58057700EB5354 /* StateMachineTests */,
				BE15110D1F58057700EB5354 /* StateMachineUITests */,
				BE1510EC1F58057700EB5354 /* Products */,
			);
			sourceTree = "<group>";
		};
		BE1510EC1F58057700EB5354 /* Products */ = {
			isa = PBXGroup;
			children = (
				BE1510EB1F58057700EB5354 /* StateMachine.app */,
				BE1510FF1F58057700EB5354 /* StateMachineTests.xctest */,
				BE15110A1F58057700EB5354 /* StateMachineUITests.xctest */,
			);
			name = Products;
			sourceTree = "<group>";
		};
		BE1510ED1F58057700EB5354 /* StateMachine */ = {
			isa = PBXGroup;
			children = (
				BE15111C1F58059C00EB5354 /* StateMachine.swift */,
				BE1510EE1F58057700EB5354 /* AppDelegate.swift */,
				BE1510F01F58057700EB5354 /* ViewController.swift */,
				BE1510F21F58057700EB5354 /* Main.storyboard */,
				BE1510F51F58057700EB5354 /* Assets.xcassets */,
				BE1510F71F58057700EB5354 /* LaunchScreen.storyboard */,
				BE1510FA1F58057700EB5354 /* Info.plist */,
			);
			path = StateMachine;
			sourceTree = "<group>";
		};
		BE1511021F58057700EB5354 /* StateMachineTests */ = {
			isa = PBXGroup;
			children = (
				BE1511031F58057700EB5354 /* StateMachineTests.swift */,
				BE1511051F58057700EB5354 /* Info.plist */,
			);
			path = StateMachineTests;
			sourceTree = "<group>";
		};
		BE15110D1F58057700EB5354 /* StateMachineUITests */ = {
			isa = PBXGroup;
			children = (
				BE15110E1F58057700EB5354 /* StateMachineUITests.swift */,
				BE1511101F58057700EB5354 /* Info.plist */,
			);
			path = StateMachineUITests;
			sourceTree = "<group>";
		};
/* End PBXGroup section */

/* Begin PBXNativeTarget section */
		BE1510EA1F58057700EB5354 /* StateMachine */ = {
			isa = PBXNativeTarget;
			buildConfigurationList = BE1511131F58057700EB5354 /* Build configuration list for PBXNativeTarget "StateMachine" */;
			buildPhases = (
				BE1510E71F58057700EB5354 /* Sources */,
				BE1510E81F58057700EB5354 /* Frameworks */,
				BE1510E91F58057700EB5354 /* Resources */,
			);
			buildRules = (
			);
			dependencies = (
			);
			name = StateMachine;
			productName = StateMachine;
			productReference = BE1510EB1F58057700EB5354 /* StateMachine.app */;
			productType = "com.apple.product-type.application";
		};
		BE1510FE1F58057700EB5354 /* StateMachineTests */ = {
			isa = PBXNativeTarget;
			buildConfigurationList = BE1511161F58057700EB5354 /* Build configuration list for PBXNativeTarget "StateMachineTests" */;
			buildPhases = (
				BE1510FB1F58057700EB5354 /* Sources */,
				BE1510FC1F58057700EB5354 /* Frameworks */,
				BE1510FD1F58057700EB5354 /* Resources */,
			);
			buildRules = (
			);
			dependencies = (
				BE1511011F58057700EB5354 /* PBXTargetDependency */,
			);
			name = StateMachineTests;
			productName = StateMachineTests;
			productReference = BE1510FF1F58057700EB5354 /* StateMachineTests.xctest */;
			productType = "com.apple.product-type.bundle.unit-test";
		};
		BE1511091F58057700EB5354 /* StateMachineUITests */ = {
			isa = PBXNativeTarget;
			buildConfigurationList = BE1511191F58057700EB5354 /* Build configuration list for PBXNativeTarget "StateMachineUITests" */;
			buildPhases = (
				BE1511061F58057700EB5354 /* Sources */,
				BE1511071F58057700EB5354 /* Frameworks */,
				BE1511081F58057700EB5354 /* Resources */,
			);
			buildRules = (
			);
			dependencies = (
				BE15110C1F58057700EB5354 /* PBXTargetDependency */,
			);
			name = StateMachineUITests;
			productName = StateMachineUITests;
			productReference = BE15110A1F58057700EB5354 /* StateMachineUITests.xctest */;
			productType = "com.apple.product-type.bundle.ui-testing";
		};
/* End PBXNativeTarget section */

/* Begin PBXProject section */
		BE1510E31F58057700EB5354 /* Project object */ = {
			isa = PBXProject;
			attributes = {
				LastSwiftUpdateCheck = 0830;
				LastUpgradeCheck = 1010;
				ORGANIZATIONNAME = "黄伯驹";
				TargetAttributes = {
					BE1510EA1F58057700EB5354 = {
						CreatedOnToolsVersion = 8.3.3;
						LastSwiftMigration = 1010;
						ProvisioningStyle = Automatic;
					};
					BE1510FE1F58057700EB5354 = {
						CreatedOnToolsVersion = 8.3.3;
						LastSwiftMigration = 1010;
						ProvisioningStyle = Automatic;
						TestTargetID = BE1510EA1F58057700EB5354;
					};
					BE1511091F58057700EB5354 = {
						CreatedOnToolsVersion = 8.3.3;
						LastSwiftMigration = 1010;
						ProvisioningStyle = Automatic;
						TestTargetID = BE1510EA1F58057700EB5354;
					};
				};
			};
			buildConfigurationList = BE1510E61F58057700EB5354 /* Build configuration list for PBXProject "StateMachine" */;
			compatibilityVersion = "Xcode 3.2";
			developmentRegion = English;
			hasScannedForEncodings = 0;
			knownRegions = (
				English,
				en,
				Base,
			);
			mainGroup = BE1510E21F58057700EB5354;
			productRefGroup = BE1510EC1F58057700EB5354 /* Products */;
			projectDirPath = "";
			projectRoot = "";
			targets = (
				BE1510EA1F58057700EB5354 /* StateMachine */,
				BE1510FE1F58057700EB5354 /* StateMachineTests */,
				BE1511091F58057700EB5354 /* StateMachineUITests */,
			);
		};
/* End PBXProject section */

/* Begin PBXResourcesBuildPhase section */
		BE1510E91F58057700EB5354 /* Resources */ = {
			isa = PBXResourcesBuildPhase;
			buildActionMask = 2147483647;
			files = (
				BE1510F91F58057700EB5354 /* LaunchScreen.storyboard in Resources */,
				BE1510F61F58057700EB5354 /* Assets.xcassets in Resources */,
				BE1510F41F58057700EB5354 /* Main.storyboard in Resources */,
			);
			runOnlyForDeploymentPostprocessing = 0;
		};
		BE1510FD1F58057700EB5354 /* Resources */ = {
			isa = PBXResourcesBuildPhase;
			buildActionMask = 2147483647;
			files = (
			);
			runOnlyForDeploymentPostprocessing = 0;
		};
		BE1511081F58057700EB5354 /* Resources */ = {
			isa = PBXResourcesBuildPhase;
			buildActionMask = 2147483647;
			files = (
			);
			runOnlyForDeploymentPostprocessing = 0;
		};
/* End PBXResourcesBuildPhase section */

/* Begin PBXSourcesBuildPhase section */
		BE1510E71F58057700EB5354 /* Sources */ = {
			isa = PBXSourcesBuildPhase;
			buildActionMask = 2147483647;
			files = (
				BE1510F11F58057700EB5354 /* ViewController.swift in Sources */,
				BE15111D1F58059C00EB5354 /* StateMachine.swift in Sources */,
				BE1510EF1F58057700EB5354 /* AppDelegate.swift in Sources */,
			);
			runOnlyForDeploymentPostprocessing = 0;
		};
		BE1510FB1F58057700EB5354 /* Sources */ = {
			isa = PBXSourcesBuildPhase;
			buildActionMask = 2147483647;
			files = (
				BE1511041F58057700EB5354 /* StateMachineTests.swift in Sources */,
			);
			runOnlyForDeploymentPostprocessing = 0;
		};
		BE1511061F58057700EB5354 /* Sources */ = {
			isa = PBXSourcesBuildPhase;
			buildActionMask = 2147483647;
			files = (
				BE15110F1F58057700EB5354 /* StateMachineUITests.swift in Sources */,
			);
			runOnlyForDeploymentPostprocessing = 0;
		};
/* End PBXSourcesBuildPhase section */

/* Begin PBXTargetDependency section */
		BE1511011F58057700EB5354 /* PBXTargetDependency */ = {
			isa = PBXTargetDependency;
			target = BE1510EA1F58057700EB5354 /* StateMachine */;
			targetProxy = BE1511001F58057700EB5354 /* PBXContainerItemProxy */;
		};
		BE15110C1F58057700EB5354 /* PBXTargetDependency */ = {
			isa = PBXTargetDependency;
			target = BE1510EA1F58057700EB5354 /* StateMachine */;
			targetProxy = BE15110B1F58057700EB5354 /* PBXContainerItemProxy */;
		};
/* End PBXTargetDependency section */

/* Begin PBXVariantGroup section */
		BE1510F21F58057700EB5354 /* Main.storyboard */ = {
			isa = PBXVariantGroup;
			children = (
				BE1510F31F58057700EB5354 /* Base */,
			);
			name = Main.storyboard;
			sourceTree = "<group>";
		};
		BE1510F71F58057700EB5354 /* LaunchScreen.storyboard */ = {
			isa = PBXVariantGroup;
			children = (
				BE1510F81F58057700EB5354 /* Base */,
			);
			name = LaunchScreen.storyboard;
			sourceTree = "<group>";
		};
/* End PBXVariantGroup section */

/* Begin XCBuildConfiguration section */
		BE1511111F58057700EB5354 /* Debug */ = {
			isa = XCBuildConfiguration;
			buildSettings = {
				ALWAYS_SEARCH_USER_PATHS = NO;
				CLANG_ANALYZER_NONNULL = YES;
				CLANG_ANALYZER_NUMBER_OBJECT_CONVERSION = YES_AGGRESSIVE;
				CLANG_CXX_LANGUAGE_STANDARD = "gnu++0x";
				CLANG_CXX_LIBRARY = "libc++";
				CLANG_ENABLE_MODULES = YES;
				CLANG_ENABLE_OBJC_ARC = YES;
				CLANG_WARN_BLOCK_CAPTURE_AUTORELEASING = YES;
				CLANG_WARN_BOOL_CONVERSION = YES;
				CLANG_WARN_COMMA = YES;
				CLANG_WARN_CONSTANT_CONVERSION = YES;
				CLANG_WARN_DEPRECATED_OBJC_IMPLEMENTATIONS = YES;
				CLANG_WARN_DIRECT_OBJC_ISA_USAGE = YES_ERROR;
				CLANG_WARN_DOCUMENTATION_COMMENTS = YES;
				CLANG_WARN_EMPTY_BODY = YES;
				CLANG_WARN_ENUM_CONVERSION = YES;
				CLANG_WARN_INFINITE_RECURSION = YES;
				CLANG_WARN_INT_CONVERSION = YES;
				CLANG_WARN_NON_LITERAL_NULL_CONVERSION = YES;
				CLANG_WARN_OBJC_IMPLICIT_RETAIN_SELF = YES;
				CLANG_WARN_OBJC_LITERAL_CONVERSION = YES;
				CLANG_WARN_OBJC_ROOT_CLASS = YES_ERROR;
				CLANG_WARN_RANGE_LOOP_ANALYSIS = YES;
				CLANG_WARN_STRICT_PROTOTYPES = YES;
				CLANG_WARN_SUSPICIOUS_MOVE = YES;
				CLANG_WARN_UNREACHABLE_CODE = YES;
				CLANG_WARN__DUPLICATE_METHOD_MATCH = YES;
				"CODE_SIGN_IDENTITY[sdk=iphoneos*]" = "iPhone Developer";
				COPY_PHASE_STRIP = NO;
				DEBUG_INFORMATION_FORMAT = dwarf;
				ENABLE_STRICT_OBJC_MSGSEND = YES;
				ENABLE_TESTABILITY = YES;
				GCC_C_LANGUAGE_STANDARD = gnu99;
				GCC_DYNAMIC_NO_PIC = NO;
				GCC_NO_COMMON_BLOCKS = YES;
				GCC_OPTIMIZATION_LEVEL = 0;
				GCC_PREPROCESSOR_DEFINITIONS = (
					"DEBUG=1",
					"$(inherited)",
				);
				GCC_WARN_64_TO_32_BIT_CONVERSION = YES;
				GCC_WARN_ABOUT_RETURN_TYPE = YES_ERROR;
				GCC_WARN_UNDECLARED_SELECTOR = YES;
				GCC_WARN_UNINITIALIZED_AUTOS = YES_AGGRESSIVE;
				GCC_WARN_UNUSED_FUNCTION = YES;
				GCC_WARN_UNUSED_VARIABLE = YES;
				IPHONEOS_DEPLOYMENT_TARGET = 10.3;
				MTL_ENABLE_DEBUG_INFO = YES;
				ONLY_ACTIVE_ARCH = YES;
				SDKROOT = iphoneos;
				SWIFT_ACTIVE_COMPILATION_CONDITIONS = DEBUG;
				SWIFT_OPTIMIZATION_LEVEL = "-Onone";
				SWIFT_VERSION = 5.0;
				TARGETED_DEVICE_FAMILY = "1,2";
			};
			name = Debug;
		};
		BE1511121F58057700EB5354 /* Release */ = {
			isa = XCBuildConfiguration;
			buildSettings = {
				ALWAYS_SEARCH_USER_PATHS = NO;
				CLANG_ANALYZER_NONNULL = YES;
				CLANG_ANALYZER_NUMBER_OBJECT_CONVERSION = YES_AGGRESSIVE;
				CLANG_CXX_LANGUAGE_STANDARD = "gnu++0x";
				CLANG_CXX_LIBRARY = "libc++";
				CLANG_ENABLE_MODULES = YES;
				CLANG_ENABLE_OBJC_ARC = YES;
				CLANG_WARN_BLOCK_CAPTURE_AUTORELEASING = YES;
				CLANG_WARN_BOOL_CONVERSION = YES;
				CLANG_WARN_COMMA = YES;
				CLANG_WARN_CONSTANT_CONVERSION = YES;
				CLANG_WARN_DEPRECATED_OBJC_IMPLEMENTATIONS = YES;
				CLANG_WARN_DIRECT_OBJC_ISA_USAGE = YES_ERROR;
				CLANG_WARN_DOCUMENTATION_COMMENTS = YES;
				CLANG_WARN_EMPTY_BODY = YES;
				CLANG_WARN_ENUM_CONVERSION = YES;
				CLANG_WARN_INFINITE_RECURSION = YES;
				CLANG_WARN_INT_CONVERSION = YES;
				CLANG_WARN_NON_LITERAL_NULL_CONVERSION = YES;
				CLANG_WARN_OBJC_IMPLICIT_RETAIN_SELF = YES;
				CLANG_WARN_OBJC_LITERAL_CONVERSION = YES;
				CLANG_WARN_OBJC_ROOT_CLASS = YES_ERROR;
				CLANG_WARN_RANGE_LOOP_ANALYSIS = YES;
				CLANG_WARN_STRICT_PROTOTYPES = YES;
				CLANG_WARN_SUSPICIOUS_MOVE = YES;
				CLANG_WARN_UNREACHABLE_CODE = YES;
				CLANG_WARN__DUPLICATE_METHOD_MATCH = YES;
				"CODE_SIGN_IDENTITY[sdk=iphoneos*]" = "iPhone Developer";
				COPY_PHASE_STRIP = NO;
				DEBUG_INFORMATION_FORMAT = "dwarf-with-dsym";
				ENABLE_NS_ASSERTIONS = NO;
				ENABLE_STRICT_OBJC_MSGSEND = YES;
				GCC_C_LANGUAGE_STANDARD = gnu99;
				GCC_NO_COMMON_BLOCKS = YES;
				GCC_WARN_64_TO_32_BIT_CONVERSION = YES;
				GCC_WARN_ABOUT_RETURN_TYPE = YES_ERROR;
				GCC_WARN_UNDECLARED_SELECTOR = YES;
				GCC_WARN_UNINITIALIZED_AUTOS = YES_AGGRESSIVE;
				GCC_WARN_UNUSED_FUNCTION = YES;
				GCC_WARN_UNUSED_VARIABLE = YES;
				IPHONEOS_DEPLOYMENT_TARGET = 10.3;
				MTL_ENABLE_DEBUG_INFO = NO;
				SDKROOT = iphoneos;
				SWIFT_OPTIMIZATION_LEVEL = "-Owholemodule";
				SWIFT_VERSION = 5.0;
				TARGETED_DEVICE_FAMILY = "1,2";
				VALIDATE_PRODUCT = YES;
			};
			name = Release;
		};
		BE1511141F58057700EB5354 /* Debug */ = {
			isa = XCBuildConfiguration;
			buildSettings = {
				ASSETCATALOG_COMPILER_APPICON_NAME = AppIcon;
				INFOPLIST_FILE = StateMachine/Info.plist;
				LD_RUNPATH_SEARCH_PATHS = "$(inherited) @executable_path/Frameworks";
				PRODUCT_BUNDLE_IDENTIFIER = huangboju.StateMachine;
				PRODUCT_NAME = "$(TARGET_NAME)";
				SWIFT_SWIFT3_OBJC_INFERENCE = On;
				SWIFT_VERSION = 4.2;
			};
			name = Debug;
		};
		BE1511151F58057700EB5354 /* Release */ = {
			isa = XCBuildConfiguration;
			buildSettings = {
				ASSETCATALOG_COMPILER_APPICON_NAME = AppIcon;
				INFOPLIST_FILE = StateMachine/Info.plist;
				LD_RUNPATH_SEARCH_PATHS = "$(inherited) @executable_path/Frameworks";
				PRODUCT_BUNDLE_IDENTIFIER = huangboju.StateMachine;
				PRODUCT_NAME = "$(TARGET_NAME)";
				SWIFT_SWIFT3_OBJC_INFERENCE = On;
				SWIFT_VERSION = 4.2;
			};
			name = Release;
		};
		BE1511171F58057700EB5354 /* Debug */ = {
			isa = XCBuildConfiguration;
			buildSettings = {
				ALWAYS_EMBED_SWIFT_STANDARD_LIBRARIES = YES;
				BUNDLE_LOADER = "$(TEST_HOST)";
				INFOPLIST_FILE = StateMachineTests/Info.plist;
				LD_RUNPATH_SEARCH_PATHS = "$(inherited) @executable_path/Frameworks @loader_path/Frameworks";
				PRODUCT_BUNDLE_IDENTIFIER = huangboju.StateMachineTests;
				PRODUCT_NAME = "$(TARGET_NAME)";
				SWIFT_SWIFT3_OBJC_INFERENCE = On;
				SWIFT_VERSION = 4.2;
				TEST_HOST = "$(BUILT_PRODUCTS_DIR)/StateMachine.app/StateMachine";
			};
			name = Debug;
		};
		BE1511181F58057700EB5354 /* Release */ = {
			isa = XCBuildConfiguration;
			buildSettings = {
				ALWAYS_EMBED_SWIFT_STANDARD_LIBRARIES = YES;
				BUNDLE_LOADER = "$(TEST_HOST)";
				INFOPLIST_FILE = StateMachineTests/Info.plist;
				LD_RUNPATH_SEARCH_PATHS = "$(inherited) @executable_path/Frameworks @loader_path/Frameworks";
				PRODUCT_BUNDLE_IDENTIFIER = huangboju.StateMachineTests;
				PRODUCT_NAME = "$(TARGET_NAME)";
				SWIFT_SWIFT3_OBJC_INFERENCE = On;
				SWIFT_VERSION = 4.2;
				TEST_HOST = "$(BUILT_PRODUCTS_DIR)/StateMachine.app/StateMachine";
			};
			name = Release;
		};
		BE15111A1F58057700EB5354 /* Debug */ = {
			isa = XCBuildConfiguration;
			buildSettings = {
				ALWAYS_EMBED_SWIFT_STANDARD_LIBRARIES = YES;
				INFOPLIST_FILE = StateMachineUITests/Info.plist;
				LD_RUNPATH_SEARCH_PATHS = "$(inherited) @executable_path/Frameworks @loader_path/Frameworks";
				PRODUCT_BUNDLE_IDENTIFIER = huangboju.StateMachineUITests;
				PRODUCT_NAME = "$(TARGET_NAME)";
				SWIFT_SWIFT3_OBJC_INFERENCE = On;
				SWIFT_VERSION = 4.2;
				TEST_TARGET_NAME = StateMachine;
			};
			name = Debug;
		};
		BE15111B1F58057700EB5354 /* Release */ = {
			isa = XCBuildConfiguration;
			buildSettings = {
				ALWAYS_EMBED_SWIFT_STANDARD_LIBRARIES = YES;
				INFOPLIST_FILE = StateMachineUITests/Info.plist;
				LD_RUNPATH_SEARCH_PATHS = "$(inherited) @executable_path/Frameworks @loader_path/Frameworks";
				PRODUCT_BUNDLE_IDENTIFIER = huangboju.StateMachineUITests;
				PRODUCT_NAME = "$(TARGET_NAME)";
				SWIFT_SWIFT3_OBJC_INFERENCE = On;
				SWIFT_VERSION = 4.2;
				TEST_TARGET_NAME = StateMachine;
			};
			name = Release;
		};
/* End XCBuildConfiguration section */

/* Begin XCConfigurationList section */
		BE1510E61F58057700EB5354 /* Build configuration list for PBXProject "StateMachine" */ = {
			isa = XCConfigurationList;
			buildConfigurations = (
				BE1511111F58057700EB5354 /* Debug */,
				BE1511121F58057700EB5354 /* Release */,
			);
			defaultConfigurationIsVisible = 0;
			defaultConfigurationName = Release;
		};
		BE1511131F58057700EB5354 /* Build configuration list for PBXNativeTarget "StateMachine" */ = {
			isa = XCConfigurationList;
			buildConfigurations = (
				BE1511141F58057700EB5354 /* Debug */,
				BE1511151F58057700EB5354 /* Release */,
			);
			defaultConfigurationIsVisible = 0;
			defaultConfigurationName = Release;
		};
		BE1511161F58057700EB5354 /* Build configuration list for PBXNativeTarget "StateMachineTests" */ = {
			isa = XCConfigurationList;
			buildConfigurations = (
				BE1511171F58057700EB5354 /* Debug */,
				BE1511181F58057700EB5354 /* Release */,
			);
			defaultConfigurationIsVisible = 0;
			defaultConfigurationName = Release;
		};
		BE1511191F58057700EB5354 /* Build configuration list for PBXNativeTarget "StateMachineUITests" */ = {
			isa = XCConfigurationList;
			buildConfigurations = (
				BE15111A1F58057700EB5354 /* Debug */,
				BE15111B1F58057700EB5354 /* Release */,
			);
			defaultConfigurationIsVisible = 0;
			defaultConfigurationName = Release;
		};
/* End XCConfigurationList section */
	};
	rootObject = BE1510E31F58057700EB5354 /* Project object */;
}
