// !$*UTF8*$!
{
	archiveVersion = 1;
	classes = {
	};
	objectVersion = 46;
	objects = {

/* Begin PBXBuildFile section */
		C5A05F009EC43AB1F4F288F2 /* Pods_MVVM_DEMO.framework in Frameworks */ = {isa = PBXBuildFile; fileRef = 0EF13505FC58690F0BE09D54 /* Pods_MVVM_DEMO.framework */; };
		D842B3DF1CF2873A00599CD6 /* AppDelegate.swift in Sources */ = {isa = PBXBuildFile; fileRef = D842B3DE1CF2873A00599CD6 /* AppDelegate.swift */; };
		D842B3E11CF2873A00599CD6 /* ViewController.swift in Sources */ = {isa = PBXBuildFile; fileRef = D842B3E01CF2873A00599CD6 /* ViewController.swift */; };
		D842B3E41CF2873A00599CD6 /* Main.storyboard in Resources */ = {isa = PBXBuildFile; fileRef = D842B3E21CF2873A00599CD6 /* Main.storyboard */; };
		D842B3E61CF2873A00599CD6 /* Assets.xcassets in Resources */ = {isa = PBXBuildFile; fileRef = D842B3E51CF2873A00599CD6 /* Assets.xcassets */; };
		D842B3E91CF2873A00599CD6 /* LaunchScreen.storyboard in Resources */ = {isa = PBXBuildFile; fileRef = D842B3E71CF2873A00599CD6 /* LaunchScreen.storyboard */; };
		D842B3F41CF2873A00599CD6 /* MVVM_DEMOTests.swift in Sources */ = {isa = PBXBuildFile; fileRef = D842B3F31CF2873A00599CD6 /* MVVM_DEMOTests.swift */; };
		D842B3FF1CF2873A00599CD6 /* MVVM_DEMOUITests.swift in Sources */ = {isa = PBXBuildFile; fileRef = D842B3FE1CF2873A00599CD6 /* MVVM_DEMOUITests.swift */; };
		D842B40D1CF2876E00599CD6 /* TableView.swift in Sources */ = {isa = PBXBuildFile; fileRef = D842B40C1CF2876E00599CD6 /* TableView.swift */; };
		D842B40F1CF28BEA00599CD6 /* SwitchCell.swift in Sources */ = {isa = PBXBuildFile; fileRef = D842B40E1CF28BEA00599CD6 /* SwitchCell.swift */; };
		D842B4111CF28C2600599CD6 /* Model.swift in Sources */ = {isa = PBXBuildFile; fileRef = D842B4101CF28C2600599CD6 /* Model.swift */; };
		D898D1C31CF2B25D00DCFCB1 /* InfoPlist.strings in Resources */ = {isa = PBXBuildFile; fileRef = D898D1C51CF2B25D00DCFCB1 /* InfoPlist.strings */; };
		D898D1CB1CF2B7CF00DCFCB1 /* Localization.strings in Resources */ = {isa = PBXBuildFile; fileRef = D898D1CD1CF2B7CF00DCFCB1 /* Localization.strings */; };
		D8DD41A21CF3029F00FC29DF /* Discover.swift in Sources */ = {isa = PBXBuildFile; fileRef = D8DD41A11CF3029F00FC29DF /* Discover.swift */; };
		D8DD41A41CF3031C00FC29DF /* DiscoverCell.swift in Sources */ = {isa = PBXBuildFile; fileRef = D8DD41A31CF3031C00FC29DF /* DiscoverCell.swift */; };
		D8DD41A61CF30A0200FC29DF /* DiscoverViewModel.swift in Sources */ = {isa = PBXBuildFile; fileRef = D8DD41A51CF30A0200FC29DF /* DiscoverViewModel.swift */; };
/* End PBXBuildFile section */

/* Begin PBXContainerItemProxy section */
		D842B3F01CF2873A00599CD6 /* PBXContainerItemProxy */ = {
			isa = PBXContainerItemProxy;
			containerPortal = D842B3D31CF2873900599CD6 /* Project object */;
			proxyType = 1;
			remoteGlobalIDString = D842B3DA1CF2873A00599CD6;
			remoteInfo = MVVM_DEMO;
		};
		D842B3FB1CF2873A00599CD6 /* PBXContainerItemProxy */ = {
			isa = PBXContainerItemProxy;
			containerPortal = D842B3D31CF2873900599CD6 /* Project object */;
			proxyType = 1;
			remoteGlobalIDString = D842B3DA1CF2873A00599CD6;
			remoteInfo = MVVM_DEMO;
		};
/* End PBXContainerItemProxy section */

/* Begin PBXFileReference section */
		0B2C3B20B99BBFC55A2B9A94 /* Pods-MVVM_DEMO.debug.xcconfig */ = {isa = PBXFileReference; includeInIndex = 1; lastKnownFileType = text.xcconfig; name = "Pods-MVVM_DEMO.debug.xcconfig"; path = "Pods/Target Support Files/Pods-MVVM_DEMO/Pods-MVVM_DEMO.debug.xcconfig"; sourceTree = "<group>"; };
		0EF13505FC58690F0BE09D54 /* Pods_MVVM_DEMO.framework */ = {isa = PBXFileReference; explicitFileType = wrapper.framework; includeInIndex = 0; path = Pods_MVVM_DEMO.framework; sourceTree = BUILT_PRODUCTS_DIR; };
		C6D152BBEEC164D9A8954C4F /* Pods-MVVM_DEMO.release.xcconfig */ = {isa = PBXFileReference; includeInIndex = 1; lastKnownFileType = text.xcconfig; name = "Pods-MVVM_DEMO.release.xcconfig"; path = "Pods/Target Support Files/Pods-MVVM_DEMO/Pods-MVVM_DEMO.release.xcconfig"; sourceTree = "<group>"; };
		D842B3DB1CF2873A00599CD6 /* MVVM_DEMO.app */ = {isa = PBXFileReference; explicitFileType = wrapper.application; includeInIndex = 0; path = MVVM_DEMO.app; sourceTree = BUILT_PRODUCTS_DIR; };
		D842B3DE1CF2873A00599CD6 /* AppDelegate.swift */ = {isa = PBXFileReference; lastKnownFileType = sourcecode.swift; path = AppDelegate.swift; sourceTree = "<group>"; };
		D842B3E01CF2873A00599CD6 /* ViewController.swift */ = {isa = PBXFileReference; lastKnownFileType = sourcecode.swift; path = ViewController.swift; sourceTree = "<group>"; };
		D842B3E31CF2873A00599CD6 /* Base */ = {isa = PBXFileReference; lastKnownFileType = file.storyboard; name = Base; path = Base.lproj/Main.storyboard; sourceTree = "<group>"; };
		D842B3E51CF2873A00599CD6 /* Assets.xcassets */ = {isa = PBXFileReference; lastKnownFileType = folder.assetcatalog; path = Assets.xcassets; sourceTree = "<group>"; };
		D842B3E81CF2873A00599CD6 /* Base */ = {isa = PBXFileReference; lastKnownFileType = file.storyboard; name = Base; path = Base.lproj/LaunchScreen.storyboard; sourceTree = "<group>"; };
		D842B3EA1CF2873A00599CD6 /* Info.plist */ = {isa = PBXFileReference; lastKnownFileType = text.plist.xml; path = Info.plist; sourceTree = "<group>"; };
		D842B3EF1CF2873A00599CD6 /* MVVM_DEMOTests.xctest */ = {isa = PBXFileReference; explicitFileType = wrapper.cfbundle; includeInIndex = 0; path = MVVM_DEMOTests.xctest; sourceTree = BUILT_PRODUCTS_DIR; };
		D842B3F31CF2873A00599CD6 /* MVVM_DEMOTests.swift */ = {isa = PBXFileReference; lastKnownFileType = sourcecode.swift; path = MVVM_DEMOTests.swift; sourceTree = "<group>"; };
		D842B3F51CF2873A00599CD6 /* Info.plist */ = {isa = PBXFileReference; lastKnownFileType = text.plist.xml; path = Info.plist; sourceTree = "<group>"; };
		D842B3FA1CF2873A00599CD6 /* MVVM_DEMOUITests.xctest */ = {isa = PBXFileReference; explicitFileType = wrapper.cfbundle; includeInIndex = 0; path = MVVM_DEMOUITests.xctest; sourceTree = BUILT_PRODUCTS_DIR; };
		D842B3FE1CF2873A00599CD6 /* MVVM_DEMOUITests.swift */ = {isa = PBXFileReference; lastKnownFileType = sourcecode.swift; path = MVVM_DEMOUITests.swift; sourceTree = "<group>"; };
		D842B4001CF2873A00599CD6 /* Info.plist */ = {isa = PBXFileReference; lastKnownFileType = text.plist.xml; path = Info.plist; sourceTree = "<group>"; };
		D842B40C1CF2876E00599CD6 /* TableView.swift */ = {isa = PBXFileReference; fileEncoding = 4; lastKnownFileType = sourcecode.swift; path = TableView.swift; sourceTree = "<group>"; };
		D842B40E1CF28BEA00599CD6 /* SwitchCell.swift */ = {isa = PBXFileReference; fileEncoding = 4; lastKnownFileType = sourcecode.swift; path = SwitchCell.swift; sourceTree = "<group>"; };
		D842B4101CF28C2600599CD6 /* Model.swift */ = {isa = PBXFileReference; fileEncoding = 4; lastKnownFileType = sourcecode.swift; path = Model.swift; sourceTree = "<group>"; };
		D898D1BB1CF2AFEC00DCFCB1 /* zh-Hans */ = {isa = PBXFileReference; lastKnownFileType = text.plist.strings; name = "zh-Hans"; path = "zh-Hans.lproj/Main.strings"; sourceTree = "<group>"; };
		D898D1BC1CF2AFEC00DCFCB1 /* zh-Hans */ = {isa = PBXFileReference; lastKnownFileType = text.plist.strings; name = "zh-Hans"; path = "zh-Hans.lproj/LaunchScreen.strings"; sourceTree = "<group>"; };
		D898D1C41CF2B25D00DCFCB1 /* en */ = {isa = PBXFileReference; lastKnownFileType = text.plist.strings; name = en; path = en.lproj/InfoPlist.strings; sourceTree = "<group>"; };
		D898D1C81CF2B71600DCFCB1 /* zh-Hans */ = {isa = PBXFileReference; lastKnownFileType = text.plist.strings; name = "zh-Hans"; path = "zh-Hans.lproj/InfoPlist.strings"; sourceTree = "<group>"; };
		D898D1CC1CF2B7CF00DCFCB1 /* zh-Hans */ = {isa = PBXFileReference; lastKnownFileType = text.plist.strings; name = "zh-Hans"; path = "zh-Hans.lproj/Localization.strings"; sourceTree = "<group>"; };
		D898D1CE1CF2B7D100DCFCB1 /* en */ = {isa = PBXFileReference; lastKnownFileType = text.plist.strings; name = en; path = en.lproj/Localization.strings; sourceTree = "<group>"; };
		D8BE1A2C1CF2C91600B0BDEB /* Base */ = {isa = PBXFileReference; lastKnownFileType = text.plist.strings; name = Base; path = Base.lproj/Localization.strings; sourceTree = "<group>"; };
		D8DD41A11CF3029F00FC29DF /* Discover.swift */ = {isa = PBXFileReference; fileEncoding = 4; lastKnownFileType = sourcecode.swift; path = Discover.swift; sourceTree = "<group>"; };
		D8DD41A31CF3031C00FC29DF /* DiscoverCell.swift */ = {isa = PBXFileReference; fileEncoding = 4; lastKnownFileType = sourcecode.swift; path = DiscoverCell.swift; sourceTree = "<group>"; };
		D8DD41A51CF30A0200FC29DF /* DiscoverViewModel.swift */ = {isa = PBXFileReference; fileEncoding = 4; lastKnownFileType = sourcecode.swift; path = DiscoverViewModel.swift; sourceTree = "<group>"; };
/* End PBXFileReference section */

/* Begin PBXFrameworksBuildPhase section */
		D842B3D81CF2873A00599CD6 /* Frameworks */ = {
			isa = PBXFrameworksBuildPhase;
			buildActionMask = 2147483647;
			files = (
				C5A05F009EC43AB1F4F288F2 /* Pods_MVVM_DEMO.framework in Frameworks */,
			);
			runOnlyForDeploymentPostprocessing = 0;
		};
		D842B3EC1CF2873A00599CD6 /* Frameworks */ = {
			isa = PBXFrameworksBuildPhase;
			buildActionMask = 2147483647;
			files = (
			);
			runOnlyForDeploymentPostprocessing = 0;
		};
		D842B3F71CF2873A00599CD6 /* Frameworks */ = {
			isa = PBXFrameworksBuildPhase;
			buildActionMask = 2147483647;
			files = (
			);
			runOnlyForDeploymentPostprocessing = 0;
		};
/* End PBXFrameworksBuildPhase section */

/* Begin PBXGroup section */
		3E82BDA1FBC492789D91F7D5 /* Pods */ = {
			isa = PBXGroup;
			children = (
				0B2C3B20B99BBFC55A2B9A94 /* Pods-MVVM_DEMO.debug.xcconfig */,
				C6D152BBEEC164D9A8954C4F /* Pods-MVVM_DEMO.release.xcconfig */,
			);
			name = Pods;
			sourceTree = "<group>";
		};
		A72AD2AD7F5C8EE819287C91 /* Frameworks */ = {
			isa = PBXGroup;
			children = (
				0EF13505FC58690F0BE09D54 /* Pods_MVVM_DEMO.framework */,
			);
			name = Frameworks;
			sourceTree = "<group>";
		};
		D842B3D21CF2873900599CD6 = {
			isa = PBXGroup;
			children = (
				D842B3DD1CF2873A00599CD6 /* MVVM_DEMO */,
				D842B3F21CF2873A00599CD6 /* MVVM_DEMOTests */,
				D842B3FD1CF2873A00599CD6 /* MVVM_DEMOUITests */,
				D842B3DC1CF2873A00599CD6 /* Products */,
				3E82BDA1FBC492789D91F7D5 /* Pods */,
				A72AD2AD7F5C8EE819287C91 /* Frameworks */,
			);
			sourceTree = "<group>";
		};
		D842B3DC1CF2873A00599CD6 /* Products */ = {
			isa = PBXGroup;
			children = (
				D842B3DB1CF2873A00599CD6 /* MVVM_DEMO.app */,
				D842B3EF1CF2873A00599CD6 /* MVVM_DEMOTests.xctest */,
				D842B3FA1CF2873A00599CD6 /* MVVM_DEMOUITests.xctest */,
			);
			name = Products;
			sourceTree = "<group>";
		};
		D842B3DD1CF2873A00599CD6 /* MVVM_DEMO */ = {
			isa = PBXGroup;
			children = (
				D842B3DE1CF2873A00599CD6 /* AppDelegate.swift */,
				D842B3E01CF2873A00599CD6 /* ViewController.swift */,
				D842B40C1CF2876E00599CD6 /* TableView.swift */,
				D842B40E1CF28BEA00599CD6 /* SwitchCell.swift */,
				D842B4101CF28C2600599CD6 /* Model.swift */,
				D8DD41A11CF3029F00FC29DF /* Discover.swift */,
				D8DD41A31CF3031C00FC29DF /* DiscoverCell.swift */,
				D8DD41A51CF30A0200FC29DF /* DiscoverViewModel.swift */,
				D842B3E21CF2873A00599CD6 /* Main.storyboard */,
				D842B3E51CF2873A00599CD6 /* Assets.xcassets */,
				D842B3E71CF2873A00599CD6 /* LaunchScreen.storyboard */,
				D842B3EA1CF2873A00599CD6 /* Info.plist */,
				D898D1C51CF2B25D00DCFCB1 /* InfoPlist.strings */,
				D898D1CD1CF2B7CF00DCFCB1 /* Localization.strings */,
			);
			path = MVVM_DEMO;
			sourceTree = "<group>";
		};
		D842B3F21CF2873A00599CD6 /* MVVM_DEMOTests */ = {
			isa = PBXGroup;
			children = (
				D842B3F31CF2873A00599CD6 /* MVVM_DEMOTests.swift */,
				D842B3F51CF2873A00599CD6 /* Info.plist */,
			);
			path = MVVM_DEMOTests;
			sourceTree = "<group>";
		};
		D842B3FD1CF2873A00599CD6 /* MVVM_DEMOUITests */ = {
			isa = PBXGroup;
			children = (
				D842B3FE1CF2873A00599CD6 /* MVVM_DEMOUITests.swift */,
				D842B4001CF2873A00599CD6 /* Info.plist */,
			);
			path = MVVM_DEMOUITests;
			sourceTree = "<group>";
		};
/* End PBXGroup section */

/* Begin PBXNativeTarget section */
		D842B3DA1CF2873A00599CD6 /* MVVM_DEMO */ = {
			isa = PBXNativeTarget;
			buildConfigurationList = D842B4031CF2873A00599CD6 /* Build configuration list for PBXNativeTarget "MVVM_DEMO" */;
			buildPhases = (
				F982BA63B4B09BE5E95CE1F5 /* Check Pods Manifest.lock */,
				D842B3D71CF2873A00599CD6 /* Sources */,
				D842B3D81CF2873A00599CD6 /* Frameworks */,
				D842B3D91CF2873A00599CD6 /* Resources */,
				507E7021299B1D9BB5C7694F /* Embed Pods Frameworks */,
				2EA09EA07AC44C5C0D77DC86 /* Copy Pods Resources */,
			);
			buildRules = (
			);
			dependencies = (
			);
			name = MVVM_DEMO;
			productName = MVVM_DEMO;
			productReference = D842B3DB1CF2873A00599CD6 /* MVVM_DEMO.app */;
			productType = "com.apple.product-type.application";
		};
		D842B3EE1CF2873A00599CD6 /* MVVM_DEMOTests */ = {
			isa = PBXNativeTarget;
			buildConfigurationList = D842B4061CF2873A00599CD6 /* Build configuration list for PBXNativeTarget "MVVM_DEMOTests" */;
			buildPhases = (
				D842B3EB1CF2873A00599CD6 /* Sources */,
				D842B3EC1CF2873A00599CD6 /* Frameworks */,
				D842B3ED1CF2873A00599CD6 /* Resources */,
			);
			buildRules = (
			);
			dependencies = (
				D842B3F11CF2873A00599CD6 /* PBXTargetDependency */,
			);
			name = MVVM_DEMOTests;
			productName = MVVM_DEMOTests;
			productReference = D842B3EF1CF2873A00599CD6 /* MVVM_DEMOTests.xctest */;
			productType = "com.apple.product-type.bundle.unit-test";
		};
		D842B3F91CF2873A00599CD6 /* MVVM_DEMOUITests */ = {
			isa = PBXNativeTarget;
			buildConfigurationList = D842B4091CF2873A00599CD6 /* Build configuration list for PBXNativeTarget "MVVM_DEMOUITests" */;
			buildPhases = (
				D842B3F61CF2873A00599CD6 /* Sources */,
				D842B3F71CF2873A00599CD6 /* Frameworks */,
				D842B3F81CF2873A00599CD6 /* Resources */,
			);
			buildRules = (
			);
			dependencies = (
				D842B3FC1CF2873A00599CD6 /* PBXTargetDependency */,
			);
			name = MVVM_DEMOUITests;
			productName = MVVM_DEMOUITests;
			productReference = D842B3FA1CF2873A00599CD6 /* MVVM_DEMOUITests.xctest */;
			productType = "com.apple.product-type.bundle.ui-testing";
		};
/* End PBXNativeTarget section */

/* Begin PBXProject section */
		D842B3D31CF2873900599CD6 /* Project object */ = {
			isa = PBXProject;
			attributes = {
				LastSwiftUpdateCheck = 0730;
				LastUpgradeCheck = 0730;
				ORGANIZATIONNAME = xiAo_Ju;
				TargetAttributes = {
					D842B3DA1CF2873A00599CD6 = {
						CreatedOnToolsVersion = 7.3.1;
					};
					D842B3EE1CF2873A00599CD6 = {
						CreatedOnToolsVersion = 7.3.1;
						TestTargetID = D842B3DA1CF2873A00599CD6;
					};
					D842B3F91CF2873A00599CD6 = {
						CreatedOnToolsVersion = 7.3.1;
						TestTargetID = D842B3DA1CF2873A00599CD6;
					};
				};
			};
			buildConfigurationList = D842B3D61CF2873900599CD6 /* Build configuration list for PBXProject "MVVM_DEMO" */;
			compatibilityVersion = "Xcode 3.2";
			developmentRegion = English;
			hasScannedForEncodings = 0;
			knownRegions = (
				en,
				Base,
				"zh-Hans",
			);
			mainGroup = D842B3D21CF2873900599CD6;
			productRefGroup = D842B3DC1CF2873A00599CD6 /* Products */;
			projectDirPath = "";
			projectRoot = "";
			targets = (
				D842B3DA1CF2873A00599CD6 /* MVVM_DEMO */,
				D842B3EE1CF2873A00599CD6 /* MVVM_DEMOTests */,
				D842B3F91CF2873A00599CD6 /* MVVM_DEMOUITests */,
			);
		};
/* End PBXProject section */

/* Begin PBXResourcesBuildPhase section */
		D842B3D91CF2873A00599CD6 /* Resources */ = {
			isa = PBXResourcesBuildPhase;
			buildActionMask = 2147483647;
			files = (
				D842B3E91CF2873A00599CD6 /* LaunchScreen.storyboard in Resources */,
				D898D1C31CF2B25D00DCFCB1 /* InfoPlist.strings in Resources */,
				D898D1CB1CF2B7CF00DCFCB1 /* Localization.strings in Resources */,
				D842B3E61CF2873A00599CD6 /* Assets.xcassets in Resources */,
				D842B3E41CF2873A00599CD6 /* Main.storyboard in Resources */,
			);
			runOnlyForDeploymentPostprocessing = 0;
		};
		D842B3ED1CF2873A00599CD6 /* Resources */ = {
			isa = PBXResourcesBuildPhase;
			buildActionMask = 2147483647;
			files = (
			);
			runOnlyForDeploymentPostprocessing = 0;
		};
		D842B3F81CF2873A00599CD6 /* Resources */ = {
			isa = PBXResourcesBuildPhase;
			buildActionMask = 2147483647;
			files = (
			);
			runOnlyForDeploymentPostprocessing = 0;
		};
/* End PBXResourcesBuildPhase section */

/* Begin PBXShellScriptBuildPhase section */
		2EA09EA07AC44C5C0D77DC86 /* Copy Pods Resources */ = {
			isa = PBXShellScriptBuildPhase;
			buildActionMask = 2147483647;
			files = (
			);
			inputPaths = (
			);
			name = "Copy Pods Resources";
			outputPaths = (
			);
			runOnlyForDeploymentPostprocessing = 0;
			shellPath = /bin/sh;
			shellScript = "\"${SRCROOT}/Pods/Target Support Files/Pods-MVVM_DEMO/Pods-MVVM_DEMO-resources.sh\"\n";
			showEnvVarsInLog = 0;
		};
		507E7021299B1D9BB5C7694F /* Embed Pods Frameworks */ = {
			isa = PBXShellScriptBuildPhase;
			buildActionMask = 2147483647;
			files = (
			);
			inputPaths = (
			);
			name = "Embed Pods Frameworks";
			outputPaths = (
			);
			runOnlyForDeploymentPostprocessing = 0;
			shellPath = /bin/sh;
			shellScript = "\"${SRCROOT}/Pods/Target Support Files/Pods-MVVM_DEMO/Pods-MVVM_DEMO-frameworks.sh\"\n";
			showEnvVarsInLog = 0;
		};
		F982BA63B4B09BE5E95CE1F5 /* Check Pods Manifest.lock */ = {
			isa = PBXShellScriptBuildPhase;
			buildActionMask = 2147483647;
			files = (
			);
			inputPaths = (
			);
			name = "Check Pods Manifest.lock";
			outputPaths = (
			);
			runOnlyForDeploymentPostprocessing = 0;
			shellPath = /bin/sh;
			shellScript = "diff \"${PODS_ROOT}/../Podfile.lock\" \"${PODS_ROOT}/Manifest.lock\" > /dev/null\nif [[ $? != 0 ]] ; then\n    cat << EOM\nerror: The sandbox is not in sync with the Podfile.lock. Run 'pod install' or update your CocoaPods installation.\nEOM\n    exit 1\nfi\n";
			showEnvVarsInLog = 0;
		};
/* End PBXShellScriptBuildPhase section */

/* Begin PBXSourcesBuildPhase section */
		D842B3D71CF2873A00599CD6 /* Sources */ = {
			isa = PBXSourcesBuildPhase;
			buildActionMask = 2147483647;
			files = (
				D842B4111CF28C2600599CD6 /* Model.swift in Sources */,
				D842B3E11CF2873A00599CD6 /* ViewController.swift in Sources */,
				D8DD41A21CF3029F00FC29DF /* Discover.swift in Sources */,
				D842B40F1CF28BEA00599CD6 /* SwitchCell.swift in Sources */,
				D8DD41A41CF3031C00FC29DF /* DiscoverCell.swift in Sources */,
				D8DD41A61CF30A0200FC29DF /* DiscoverViewModel.swift in Sources */,
				D842B40D1CF2876E00599CD6 /* TableView.swift in Sources */,
				D842B3DF1CF2873A00599CD6 /* AppDelegate.swift in Sources */,
			);
			runOnlyForDeploymentPostprocessing = 0;
		};
		D842B3EB1CF2873A00599CD6 /* Sources */ = {
			isa = PBXSourcesBuildPhase;
			buildActionMask = 2147483647;
			files = (
				D842B3F41CF2873A00599CD6 /* MVVM_DEMOTests.swift in Sources */,
			);
			runOnlyForDeploymentPostprocessing = 0;
		};
		D842B3F61CF2873A00599CD6 /* Sources */ = {
			isa = PBXSourcesBuildPhase;
			buildActionMask = 2147483647;
			files = (
				D842B3FF1CF2873A00599CD6 /* MVVM_DEMOUITests.swift in Sources */,
			);
			runOnlyForDeploymentPostprocessing = 0;
		};
/* End PBXSourcesBuildPhase section */

/* Begin PBXTargetDependency section */
		D842B3F11CF2873A00599CD6 /* PBXTargetDependency */ = {
			isa = PBXTargetDependency;
			target = D842B3DA1CF2873A00599CD6 /* MVVM_DEMO */;
			targetProxy = D842B3F01CF2873A00599CD6 /* PBXContainerItemProxy */;
		};
		D842B3FC1CF2873A00599CD6 /* PBXTargetDependency */ = {
			isa = PBXTargetDependency;
			target = D842B3DA1CF2873A00599CD6 /* MVVM_DEMO */;
			targetProxy = D842B3FB1CF2873A00599CD6 /* PBXContainerItemProxy */;
		};
/* End PBXTargetDependency section */

/* Begin PBXVariantGroup section */
		D842B3E21CF2873A00599CD6 /* Main.storyboard */ = {
			isa = PBXVariantGroup;
			children = (
				D842B3E31CF2873A00599CD6 /* Base */,
				D898D1BB1CF2AFEC00DCFCB1 /* zh-Hans */,
			);
			name = Main.storyboard;
			sourceTree = "<group>";
		};
		D842B3E71CF2873A00599CD6 /* LaunchScreen.storyboard */ = {
			isa = PBXVariantGroup;
			children = (
				D842B3E81CF2873A00599CD6 /* Base */,
				D898D1BC1CF2AFEC00DCFCB1 /* zh-Hans */,
			);
			name = LaunchScreen.storyboard;
			sourceTree = "<group>";
		};
		D898D1C51CF2B25D00DCFCB1 /* InfoPlist.strings */ = {
			isa = PBXVariantGroup;
			children = (
				D898D1C41CF2B25D00DCFCB1 /* en */,
				D898D1C81CF2B71600DCFCB1 /* zh-Hans */,
			);
			name = InfoPlist.strings;
			sourceTree = "<group>";
		};
		D898D1CD1CF2B7CF00DCFCB1 /* Localization.strings */ = {
			isa = PBXVariantGroup;
			children = (
				D898D1CC1CF2B7CF00DCFCB1 /* zh-Hans */,
				D898D1CE1CF2B7D100DCFCB1 /* en */,
				D8BE1A2C1CF2C91600B0BDEB /* Base */,
			);
			name = Localization.strings;
			sourceTree = "<group>";
		};
/* End PBXVariantGroup section */

/* Begin XCBuildConfiguration section */
		D842B4011CF2873A00599CD6 /* Debug */ = {
			isa = XCBuildConfiguration;
			buildSettings = {
				ALWAYS_SEARCH_USER_PATHS = NO;
				CLANG_ANALYZER_NONNULL = YES;
				CLANG_CXX_LANGUAGE_STANDARD = "gnu++0x";
				CLANG_CXX_LIBRARY = "libc++";
				CLANG_ENABLE_MODULES = YES;
				CLANG_ENABLE_OBJC_ARC = YES;
				CLANG_WARN_BOOL_CONVERSION = YES;
				CLANG_WARN_CONSTANT_CONVERSION = YES;
				CLANG_WARN_DIRECT_OBJC_ISA_USAGE = YES_ERROR;
				CLANG_WARN_EMPTY_BODY = YES;
				CLANG_WARN_ENUM_CONVERSION = YES;
				CLANG_WARN_INT_CONVERSION = YES;
				CLANG_WARN_OBJC_ROOT_CLASS = YES_ERROR;
				CLANG_WARN_UNREACHABLE_CODE = YES;
				CLANG_WARN__DUPLICATE_METHOD_MATCH = YES;
				"CODE_SIGN_IDENTITY[sdk=iphoneos*]" = "iPhone Developer";
				COPY_PHASE_STRIP = NO;
				DEBUG_INFORMATION_FORMAT = dwarf;
				ENABLE_STRICT_OBJC_MSGSEND = YES;
				ENABLE_TESTABILITY = YES;
				GCC_C_LANGUAGE_STANDARD = gnu99;
				GCC_DYNAMIC_NO_PIC = NO;
				GCC_NO_COMMON_BLOCKS = YES;
				GCC_OPTIMIZATION_LEVEL = 0;
				GCC_PREPROCESSOR_DEFINITIONS = (
					"DEBUG=1",
					"$(inherited)",
				);
				GCC_WARN_64_TO_32_BIT_CONVERSION = YES;
				GCC_WARN_ABOUT_RETURN_TYPE = YES_ERROR;
				GCC_WARN_UNDECLARED_SELECTOR = YES;
				GCC_WARN_UNINITIALIZED_AUTOS = YES_AGGRESSIVE;
				GCC_WARN_UNUSED_FUNCTION = YES;
				GCC_WARN_UNUSED_VARIABLE = YES;
				IPHONEOS_DEPLOYMENT_TARGET = 9.3;
				MTL_ENABLE_DEBUG_INFO = YES;
				ONLY_ACTIVE_ARCH = YES;
				SDKROOT = iphoneos;
				SWIFT_OPTIMIZATION_LEVEL = "-Onone";
			};
			name = Debug;
		};
		D842B4021CF2873A00599CD6 /* Release */ = {
			isa = XCBuildConfiguration;
			buildSettings = {
				ALWAYS_SEARCH_USER_PATHS = NO;
				CLANG_ANALYZER_NONNULL = YES;
				CLANG_CXX_LANGUAGE_STANDARD = "gnu++0x";
				CLANG_CXX_LIBRARY = "libc++";
				CLANG_ENABLE_MODULES = YES;
				CLANG_ENABLE_OBJC_ARC = YES;
				CLANG_WARN_BOOL_CONVERSION = YES;
				CLANG_WARN_CONSTANT_CONVERSION = YES;
				CLANG_WARN_DIRECT_OBJC_ISA_USAGE = YES_ERROR;
				CLANG_WARN_EMPTY_BODY = YES;
				CLANG_WARN_ENUM_CONVERSION = YES;
				CLANG_WARN_INT_CONVERSION = YES;
				CLANG_WARN_OBJC_ROOT_CLASS = YES_ERROR;
				CLANG_WARN_UNREACHABLE_CODE = YES;
				CLANG_WARN__DUPLICATE_METHOD_MATCH = YES;
				"CODE_SIGN_IDENTITY[sdk=iphoneos*]" = "iPhone Developer";
				COPY_PHASE_STRIP = NO;
				DEBUG_INFORMATION_FORMAT = "dwarf-with-dsym";
				ENABLE_NS_ASSERTIONS = NO;
				ENABLE_STRICT_OBJC_MSGSEND = YES;
				GCC_C_LANGUAGE_STANDARD = gnu99;
				GCC_NO_COMMON_BLOCKS = YES;
				GCC_WARN_64_TO_32_BIT_CONVERSION = YES;
				GCC_WARN_ABOUT_RETURN_TYPE = YES_ERROR;
				GCC_WARN_UNDECLARED_SELECTOR = YES;
				GCC_WARN_UNINITIALIZED_AUTOS = YES_AGGRESSIVE;
				GCC_WARN_UNUSED_FUNCTION = YES;
				GCC_WARN_UNUSED_VARIABLE = YES;
				IPHONEOS_DEPLOYMENT_TARGET = 9.3;
				MTL_ENABLE_DEBUG_INFO = NO;
				SDKROOT = iphoneos;
				VALIDATE_PRODUCT = YES;
			};
			name = Release;
		};
		D842B4041CF2873A00599CD6 /* Debug */ = {
			isa = XCBuildConfiguration;
			baseConfigurationReference = 0B2C3B20B99BBFC55A2B9A94 /* Pods-MVVM_DEMO.debug.xcconfig */;
			buildSettings = {
				ASSETCATALOG_COMPILER_APPICON_NAME = AppIcon;
				INFOPLIST_FILE = MVVM_DEMO/Info.plist;
				IPHONEOS_DEPLOYMENT_TARGET = 8.4;
				LD_RUNPATH_SEARCH_PATHS = "$(inherited) @executable_path/Frameworks";
				PRODUCT_BUNDLE_IDENTIFIER = "MVVM-DEMO.MVVM-DEMO";
				PRODUCT_NAME = "$(TARGET_NAME)";
			};
			name = Debug;
		};
		D842B4051CF2873A00599CD6 /* Release */ = {
			isa = XCBuildConfiguration;
			baseConfigurationReference = C6D152BBEEC164D9A8954C4F /* Pods-MVVM_DEMO.release.xcconfig */;
			buildSettings = {
				ASSETCATALOG_COMPILER_APPICON_NAME = AppIcon;
				INFOPLIST_FILE = MVVM_DEMO/Info.plist;
				IPHONEOS_DEPLOYMENT_TARGET = 8.4;
				LD_RUNPATH_SEARCH_PATHS = "$(inherited) @executable_path/Frameworks";
				PRODUCT_BUNDLE_IDENTIFIER = "MVVM-DEMO.MVVM-DEMO";
				PRODUCT_NAME = "$(TARGET_NAME)";
			};
			name = Release;
		};
		D842B4071CF2873A00599CD6 /* Debug */ = {
			isa = XCBuildConfiguration;
			buildSettings = {
				BUNDLE_LOADER = "$(TEST_HOST)";
				INFOPLIST_FILE = MVVM_DEMOTests/Info.plist;
				LD_RUNPATH_SEARCH_PATHS = "$(inherited) @executable_path/Frameworks @loader_path/Frameworks";
				PRODUCT_BUNDLE_IDENTIFIER = "MVVM-DEMO.MVVM-DEMOTests";
				PRODUCT_NAME = "$(TARGET_NAME)";
				TEST_HOST = "$(BUILT_PRODUCTS_DIR)/MVVM_DEMO.app/MVVM_DEMO";
			};
			name = Debug;
		};
		D842B4081CF2873A00599CD6 /* Release */ = {
			isa = XCBuildConfiguration;
			buildSettings = {
				BUNDLE_LOADER = "$(TEST_HOST)";
				INFOPLIST_FILE = MVVM_DEMOTests/Info.plist;
				LD_RUNPATH_SEARCH_PATHS = "$(inherited) @executable_path/Frameworks @loader_path/Frameworks";
				PRODUCT_BUNDLE_IDENTIFIER = "MVVM-DEMO.MVVM-DEMOTests";
				PRODUCT_NAME = "$(TARGET_NAME)";
				TEST_HOST = "$(BUILT_PRODUCTS_DIR)/MVVM_DEMO.app/MVVM_DEMO";
			};
			name = Release;
		};
		D842B40A1CF2873A00599CD6 /* Debug */ = {
			isa = XCBuildConfiguration;
			buildSettings = {
				INFOPLIST_FILE = MVVM_DEMOUITests/Info.plist;
				LD_RUNPATH_SEARCH_PATHS = "$(inherited) @executable_path/Frameworks @loader_path/Frameworks";
				PRODUCT_BUNDLE_IDENTIFIER = "MVVM-DEMO.MVVM-DEMOUITests";
				PRODUCT_NAME = "$(TARGET_NAME)";
				TEST_TARGET_NAME = MVVM_DEMO;
			};
			name = Debug;
		};
		D842B40B1CF2873A00599CD6 /* Release */ = {
			isa = XCBuildConfiguration;
			buildSettings = {
				INFOPLIST_FILE = MVVM_DEMOUITests/Info.plist;
				LD_RUNPATH_SEARCH_PATHS = "$(inherited) @executable_path/Frameworks @loader_path/Frameworks";
				PRODUCT_BUNDLE_IDENTIFIER = "MVVM-DEMO.MVVM-DEMOUITests";
				PRODUCT_NAME = "$(TARGET_NAME)";
				TEST_TARGET_NAME = MVVM_DEMO;
			};
			name = Release;
		};
/* End XCBuildConfiguration section */

/* Begin XCConfigurationList section */
		D842B3D61CF2873900599CD6 /* Build configuration list for PBXProject "MVVM_DEMO" */ = {
			isa = XCConfigurationList;
			buildConfigurations = (
				D842B4011CF2873A00599CD6 /* Debug */,
				D842B4021CF2873A00599CD6 /* Release */,
			);
			defaultConfigurationIsVisible = 0;
			defaultConfigurationName = Release;
		};
		D842B4031CF2873A00599CD6 /* Build configuration list for PBXNativeTarget "MVVM_DEMO" */ = {
			isa = XCConfigurationList;
			buildConfigurations = (
				D842B4041CF2873A00599CD6 /* Debug */,
				D842B4051CF2873A00599CD6 /* Release */,
			);
			defaultConfigurationIsVisible = 0;
			defaultConfigurationName = Release;
		};
		D842B4061CF2873A00599CD6 /* Build configuration list for PBXNativeTarget "MVVM_DEMOTests" */ = {
			isa = XCConfigurationList;
			buildConfigurations = (
				D842B4071CF2873A00599CD6 /* Debug */,
				D842B4081CF2873A00599CD6 /* Release */,
			);
			defaultConfigurationIsVisible = 0;
			defaultConfigurationName = Release;
		};
		D842B4091CF2873A00599CD6 /* Build configuration list for PBXNativeTarget "MVVM_DEMOUITests" */ = {
			isa = XCConfigurationList;
			buildConfigurations = (
				D842B40A1CF2873A00599CD6 /* Debug */,
				D842B40B1CF2873A00599CD6 /* Release */,
			);
			defaultConfigurationIsVisible = 0;
			defaultConfigurationName = Release;
		};
/* End XCConfigurationList section */
	};
	rootObject = D842B3D31CF2873900599CD6 /* Project object */;
}
